
Microsoft Visual Studio Solution File, Format Version 12.00
Project("{FAE04EC0-301F-11D3-BF4B-00C04F79EFBC}") = "RandomDataToolsInterop", "RandomDataToolsInterop\RandomDataToolsInterop.csproj", "{D56E2AA4-7276-4773-8641-DAE53E34B47C}"
EndProject
Global
	GlobalSection(SolutionConfigurationPlatforms) = preSolution
		Debug|Any CPU = Debug|Any CPU
		Release|Any CPU = Release|Any CPU
	EndGlobalSection
	GlobalSection(ProjectConfigurationPlatforms) = postSolution
		{D56E2AA4-7276-4773-8641-DAE53E34B47C}.Debug|Any CPU.ActiveCfg = Debug|Any CPU
		{D56E2AA4-7276-4773-8641-DAE53E34B47C}.Debug|Any CPU.Build.0 = Debug|Any CPU
		{D56E2AA4-7276-4773-8641-DAE53E34B47C}.Release|Any CPU.ActiveCfg = Release|Any CPU
		{D56E2AA4-7276-4773-8641-DAE53E34B47C}.Release|Any CPU.Build.0 = Release|Any CPU
	EndGlobalSection
EndGlobal
